
Microsoft Visual Studio Solution File, Format Version 12.00
# Visual Studio Version 17
VisualStudioVersion = 17.11.35312.102
MinimumVisualStudioVersion = 10.0.40219.1
Project("{9A19103F-16F7-4668-BE54-9A1E7A4F7556}") = "NtierEF.API", "NtierEF\NtierEF.API.csproj", "{DDA2FD8C-CC26-4D17-962D-0C87069D2686}"
EndProject
Project("{9A19103F-16F7-4668-BE54-9A1E7A4F7556}") = "NtierEF.BLL", "NtierEF.BLL\NtierEF.BLL.csproj", "{49E937A8-698E-4790-B240-BC753D3A7055}"
EndProject
Project("{9A19103F-16F7-4668-BE54-9A1E7A4F7556}") = "NtierEF.DAL", "NtierEF.DAL\NtierEF.DAL.csproj", "{0A59ACF3-F964-4241-B668-97D94042F957}"
EndProject
Project("{2150E333-8FDC-42A3-9474-1A3956D46DE8}") = "EF", "EF", "{67A2E562-F8B0-4A97-A700-31CB12218607}"
EndProject
Project("{2150E333-8FDC-42A3-9474-1A3956D46DE8}") = "ADO", "ADO", "{BEEC3BFB-0EEF-42BC-A4F8-747FC94BA292}"
EndProject
Project("{2150E333-8FDC-42A3-9474-1A3956D46DE8}") = "CleanArchitecture", "CleanArchitecture", "{24A37818-F71E-4AAF-BDA1-C7C093014A77}"
EndProject
Project("{9A19103F-16F7-4668-BE54-9A1E7A4F7556}") = "CLEAN.API", "CLEAN.API\CLEAN.API.csproj", "{76D4E1BD-BEAE-41D8-86FA-616F24B6B923}"
EndProject
Project("{9A19103F-16F7-4668-BE54-9A1E7A4F7556}") = "ShopDap", "ShopDap\ShopDap.csproj", "{4E083A53-CE8D-4027-86DB-AED1AB813226}"
EndProject
Project("{2150E333-8FDC-42A3-9474-1A3956D46DE8}") = "Authentication", "Authentication", "{7854CB82-77A9-47CF-BA0A-364C90B71B39}"
EndProject
Project("{9A19103F-16F7-4668-BE54-9A1E7A4F7556}") = "AuthMicroservice", "AuthMicroservice\AuthMicroservice.csproj", "{413D9342-A148-46E6-ABF8-FA98AE34AAC0}"
EndProject
Project("{2150E333-8FDC-42A3-9474-1A3956D46DE8}") = "APIGateway", "APIGateway", "{A5326760-E6B1-49F8-9403-E080D562965C}"
EndProject
Project("{9A19103F-16F7-4668-BE54-9A1E7A4F7556}") = "API", "API\API.csproj", "{0E109BDA-9EDC-49F1-B318-D5B7EC91E1E6}"
EndProject
Project("{FAE04EC0-301F-11D3-BF4B-00C04F79EFBC}") = "Aggregator", "Aggregator\Aggregator.csproj", "{4E908944-0F54-41EE-AC5F-B34F3D893C68}"
EndProject
Global
	GlobalSection(SolutionConfigurationPlatforms) = preSolution
		Debug|Any CPU = Debug|Any CPU
		Release|Any CPU = Release|Any CPU
	EndGlobalSection
	GlobalSection(ProjectConfigurationPlatforms) = postSolution
		{DDA2FD8C-CC26-4D17-962D-0C87069D2686}.Debug|Any CPU.ActiveCfg = Debug|Any CPU
		{DDA2FD8C-CC26-4D17-962D-0C87069D2686}.Debug|Any CPU.Build.0 = Debug|Any CPU
		{DDA2FD8C-CC26-4D17-962D-0C87069D2686}.Release|Any CPU.ActiveCfg = Release|Any CPU
		{DDA2FD8C-CC26-4D17-962D-0C87069D2686}.Release|Any CPU.Build.0 = Release|Any CPU
		{49E937A8-698E-4790-B240-BC753D3A7055}.Debug|Any CPU.ActiveCfg = Debug|Any CPU
		{49E937A8-698E-4790-B240-BC753D3A7055}.Debug|Any CPU.Build.0 = Debug|Any CPU
		{49E937A8-698E-4790-B240-BC753D3A7055}.Release|Any CPU.ActiveCfg = Release|Any CPU
		{49E937A8-698E-4790-B240-BC753D3A7055}.Release|Any CPU.Build.0 = Release|Any CPU
		{0A59ACF3-F964-4241-B668-97D94042F957}.Debug|Any CPU.ActiveCfg = Debug|Any CPU
		{0A59ACF3-F964-4241-B668-97D94042F957}.Debug|Any CPU.Build.0 = Debug|Any CPU
		{0A59ACF3-F964-4241-B668-97D94042F957}.Release|Any CPU.ActiveCfg = Release|Any CPU
		{0A59ACF3-F964-4241-B668-97D94042F957}.Release|Any CPU.Build.0 = Release|Any CPU
		{76D4E1BD-BEAE-41D8-86FA-616F24B6B923}.Debug|Any CPU.ActiveCfg = Debug|Any CPU
		{76D4E1BD-BEAE-41D8-86FA-616F24B6B923}.Debug|Any CPU.Build.0 = Debug|Any CPU
		{76D4E1BD-BEAE-41D8-86FA-616F24B6B923}.Release|Any CPU.ActiveCfg = Release|Any CPU
		{76D4E1BD-BEAE-41D8-86FA-616F24B6B923}.Release|Any CPU.Build.0 = Release|Any CPU
		{4E083A53-CE8D-4027-86DB-AED1AB813226}.Debug|Any CPU.ActiveCfg = Debug|Any CPU
		{4E083A53-CE8D-4027-86DB-AED1AB813226}.Debug|Any CPU.Build.0 = Debug|Any CPU
		{4E083A53-CE8D-4027-86DB-AED1AB813226}.Release|Any CPU.ActiveCfg = Release|Any CPU
		{4E083A53-CE8D-4027-86DB-AED1AB813226}.Release|Any CPU.Build.0 = Release|Any CPU
		{413D9342-A148-46E6-ABF8-FA98AE34AAC0}.Debug|Any CPU.ActiveCfg = Debug|Any CPU
		{413D9342-A148-46E6-ABF8-FA98AE34AAC0}.Debug|Any CPU.Build.0 = Debug|Any CPU
		{413D9342-A148-46E6-ABF8-FA98AE34AAC0}.Release|Any CPU.ActiveCfg = Release|Any CPU
		{413D9342-A148-46E6-ABF8-FA98AE34AAC0}.Release|Any CPU.Build.0 = Release|Any CPU
		{0E109BDA-9EDC-49F1-B318-D5B7EC91E1E6}.Debug|Any CPU.ActiveCfg = Debug|Any CPU
		{0E109BDA-9EDC-49F1-B318-D5B7EC91E1E6}.Debug|Any CPU.Build.0 = Debug|Any CPU
		{0E109BDA-9EDC-49F1-B318-D5B7EC91E1E6}.Release|Any CPU.ActiveCfg = Release|Any CPU
		{0E109BDA-9EDC-49F1-B318-D5B7EC91E1E6}.Release|Any CPU.Build.0 = Release|Any CPU
		{4E908944-0F54-41EE-AC5F-B34F3D893C68}.Debug|Any CPU.ActiveCfg = Debug|Any CPU
		{4E908944-0F54-41EE-AC5F-B34F3D893C68}.Debug|Any CPU.Build.0 = Debug|Any CPU
		{4E908944-0F54-41EE-AC5F-B34F3D893C68}.Release|Any CPU.ActiveCfg = Release|Any CPU
		{4E908944-0F54-41EE-AC5F-B34F3D893C68}.Release|Any CPU.Build.0 = Release|Any CPU
	EndGlobalSection
	GlobalSection(SolutionProperties) = preSolution
		HideSolutionNode = FALSE
	EndGlobalSection
	GlobalSection(NestedProjects) = preSolution
		{DDA2FD8C-CC26-4D17-962D-0C87069D2686} = {67A2E562-F8B0-4A97-A700-31CB12218607}
		{49E937A8-698E-4790-B240-BC753D3A7055} = {67A2E562-F8B0-4A97-A700-31CB12218607}
		{0A59ACF3-F964-4241-B668-97D94042F957} = {67A2E562-F8B0-4A97-A700-31CB12218607}
		{76D4E1BD-BEAE-41D8-86FA-616F24B6B923} = {24A37818-F71E-4AAF-BDA1-C7C093014A77}
		{4E083A53-CE8D-4027-86DB-AED1AB813226} = {BEEC3BFB-0EEF-42BC-A4F8-747FC94BA292}
		{413D9342-A148-46E6-ABF8-FA98AE34AAC0} = {7854CB82-77A9-47CF-BA0A-364C90B71B39}
		{0E109BDA-9EDC-49F1-B318-D5B7EC91E1E6} = {A5326760-E6B1-49F8-9403-E080D562965C}
		{4E908944-0F54-41EE-AC5F-B34F3D893C68} = {A5326760-E6B1-49F8-9403-E080D562965C}
	EndGlobalSection
	GlobalSection(ExtensibilityGlobals) = postSolution
		SolutionGuid = {A960D31E-FF0D-423B-B385-78E7813937E5}
	EndGlobalSection
EndGlobal
